
Microsoft Visual Studio Solution File, Format Version 12.00
# Visual Studio Version 17
VisualStudioVersion = 17.14.36221.1 d17.14
MinimumVisualStudioVersion = 10.0.40219.1
Project("{FAE04EC0-301F-11D3-BF4B-00C04F79EFBC}") = "AppMulti", "AppMulti.csproj", "{0DAA6E3A-E21B-480C-80AF-D3B8544FCCA8}"
EndProject
Project("{FAE04EC0-301F-11D3-BF4B-00C04F79EFBC}") = "PruebasMulti", "..\PruebasMulti\PruebasMulti.csproj", "{0320DF93-6524-405D-B662-D4BD3E9A476B}"
EndProject
Global
	GlobalSection(SolutionConfigurationPlatforms) = preSolution
		Debug|Any CPU = Debug|Any CPU
		Release|Any CPU = Release|Any CPU
	EndGlobalSection
	GlobalSection(ProjectConfigurationPlatforms) = postSolution
		{0DAA6E3A-E21B-480C-80AF-D3B8544FCCA8}.Debug|Any CPU.ActiveCfg = Debug|Any CPU
		{0DAA6E3A-E21B-480C-80AF-D3B8544FCCA8}.Debug|Any CPU.Build.0 = Debug|Any CPU
		{0DAA6E3A-E21B-480C-80AF-D3B8544FCCA8}.Release|Any CPU.ActiveCfg = Release|Any CPU
		{0DAA6E3A-E21B-480C-80AF-D3B8544FCCA8}.Release|Any CPU.Build.0 = Release|Any CPU
		{0320DF93-6524-405D-B662-D4BD3E9A476B}.Debug|Any CPU.ActiveCfg = Debug|Any CPU
		{0320DF93-6524-405D-B662-D4BD3E9A476B}.Debug|Any CPU.Build.0 = Debug|Any CPU
		{0320DF93-6524-405D-B662-D4BD3E9A476B}.Release|Any CPU.ActiveCfg = Release|Any CPU
		{0320DF93-6524-405D-B662-D4BD3E9A476B}.Release|Any CPU.Build.0 = Release|Any CPU
	EndGlobalSection
	GlobalSection(SolutionProperties) = preSolution
		HideSolutionNode = FALSE
	EndGlobalSection
	GlobalSection(ExtensibilityGlobals) = postSolution
		SolutionGuid = {816A6734-AB35-48D5-813D-6D43782EC1B6}
	EndGlobalSection
EndGlobal
